{
  "name": "incipit",
  "version": "0.1.10",
  "lockfileVersion": 3,
  "requires": true,
  "packages": {
    "": {
      "name": "incipit",
      "version": "0.1.10",
      "license": "AGPL-3.0-or-later",
      "os": [
        "win32",
        "darwin",
        "linux"
      ],
      "bin": {
        "incipit": "bin/cli.js"
      },
      "engines": {
        "node": ">=16"
      }
    }
  }
}
